
Microsoft Visual Studio Solution File, Format Version 12.00
Project("{2150E333-8FDC-42A3-9474-1A3956D46DE8}") = "Pluralsight", "Pluralsight", "{A13FDAA1-CB7F-450E-A386-9C3EF16761A3}"
EndProject
Project("{2150E333-8FDC-42A3-9474-1A3956D46DE8}") = "C# Path", "C# Path", "{7787EBE9-7BBC-4304-8A7C-3ED642690E70}"
ProjectSection(SolutionItems) = preProject
	to_practice.md = to_practice.md
EndProjectSection
EndProject
Project("{2150E333-8FDC-42A3-9474-1A3956D46DE8}") = "C# Fundamentals with Visual Studio 2015", "C# Fundamentals with Visual Studio 2015", "{0F5E8165-8931-4044-8BC5-1A5714C65127}"
EndProject
Project("{FAE04EC0-301F-11D3-BF4B-00C04F79EFBC}") = "Grades", "Grades\Grades.csproj", "{DFB91B21-61B1-4DCE-84D0-FF8D82BCF500}"
EndProject
Project("{FAE04EC0-301F-11D3-BF4B-00C04F79EFBC}") = "Grades.Tests", "Grades.Tests\Grades.Tests.csproj", "{09F09A70-D20F-4932-BF47-317378ECD47A}"
EndProject
Project("{2150E333-8FDC-42A3-9474-1A3956D46DE8}") = "C# Equality and Comparisons", "C# Equality and Comparisons", "{3D1F107F-4E6F-4B4C-9472-C437112EFD3F}"
EndProject
Project("{FAE04EC0-301F-11D3-BF4B-00C04F79EFBC}") = "FoodEquals", "FoodEquals\FoodEquals.csproj", "{F7F72D03-16F5-43AE-9C9F-B06B691673E6}"
EndProject
Project("{FAE04EC0-301F-11D3-BF4B-00C04F79EFBC}") = "EqualityComparisonTests", "EqualityComparisonTests\EqualityComparisonTests.csproj", "{AB733F22-C122-4629-9830-A0AB93882520}"
EndProject
Project("{2150E333-8FDC-42A3-9474-1A3956D46DE8}") = "Exercises", "Exercises", "{52BA8B7A-0812-4A6C-9453-ECB7B669F964}"
EndProject
Project("{2150E333-8FDC-42A3-9474-1A3956D46DE8}") = "C#", "C#", "{067FBBDA-1A03-4379-A294-134355186C89}"
EndProject
Project("{FAE04EC0-301F-11D3-BF4B-00C04F79EFBC}") = "HackerRank.Tests", "HackerRank.Tests\HackerRank.Tests.csproj", "{19BA2934-59D9-4B98-96C6-CABF10A685BF}"
EndProject
Project("{FAE04EC0-301F-11D3-BF4B-00C04F79EFBC}") = "Codility.Tests", "Codility.Tests\Codility.Tests.csproj", "{832925A0-B436-4B8D-A58D-0C171BC04258}"
EndProject
Project("{FAE04EC0-301F-11D3-BF4B-00C04F79EFBC}") = "LeetCode.Tests", "LeetCode.Tests\LeetCode.Tests.csproj", "{51AA5022-7FD2-4DB0-94B4-9B1A64615457}"
EndProject
Global
	GlobalSection(SolutionConfigurationPlatforms) = preSolution
		Debug|Any CPU = Debug|Any CPU
		Release|Any CPU = Release|Any CPU
	EndGlobalSection
	GlobalSection(NestedProjects) = preSolution
		{7787EBE9-7BBC-4304-8A7C-3ED642690E70} = {A13FDAA1-CB7F-450E-A386-9C3EF16761A3}
		{0F5E8165-8931-4044-8BC5-1A5714C65127} = {7787EBE9-7BBC-4304-8A7C-3ED642690E70}
		{DFB91B21-61B1-4DCE-84D0-FF8D82BCF500} = {0F5E8165-8931-4044-8BC5-1A5714C65127}
		{09F09A70-D20F-4932-BF47-317378ECD47A} = {0F5E8165-8931-4044-8BC5-1A5714C65127}
		{3D1F107F-4E6F-4B4C-9472-C437112EFD3F} = {7787EBE9-7BBC-4304-8A7C-3ED642690E70}
		{F7F72D03-16F5-43AE-9C9F-B06B691673E6} = {3D1F107F-4E6F-4B4C-9472-C437112EFD3F}
		{AB733F22-C122-4629-9830-A0AB93882520} = {3D1F107F-4E6F-4B4C-9472-C437112EFD3F}
		{067FBBDA-1A03-4379-A294-134355186C89} = {52BA8B7A-0812-4A6C-9453-ECB7B669F964}
		{19BA2934-59D9-4B98-96C6-CABF10A685BF} = {067FBBDA-1A03-4379-A294-134355186C89}
		{832925A0-B436-4B8D-A58D-0C171BC04258} = {067FBBDA-1A03-4379-A294-134355186C89}
		{51AA5022-7FD2-4DB0-94B4-9B1A64615457} = {067FBBDA-1A03-4379-A294-134355186C89}
	EndGlobalSection
	GlobalSection(ProjectConfigurationPlatforms) = postSolution
		{DFB91B21-61B1-4DCE-84D0-FF8D82BCF500}.Debug|Any CPU.ActiveCfg = Debug|Any CPU
		{DFB91B21-61B1-4DCE-84D0-FF8D82BCF500}.Debug|Any CPU.Build.0 = Debug|Any CPU
		{DFB91B21-61B1-4DCE-84D0-FF8D82BCF500}.Release|Any CPU.ActiveCfg = Release|Any CPU
		{DFB91B21-61B1-4DCE-84D0-FF8D82BCF500}.Release|Any CPU.Build.0 = Release|Any CPU
		{09F09A70-D20F-4932-BF47-317378ECD47A}.Debug|Any CPU.ActiveCfg = Debug|Any CPU
		{09F09A70-D20F-4932-BF47-317378ECD47A}.Debug|Any CPU.Build.0 = Debug|Any CPU
		{09F09A70-D20F-4932-BF47-317378ECD47A}.Release|Any CPU.ActiveCfg = Release|Any CPU
		{09F09A70-D20F-4932-BF47-317378ECD47A}.Release|Any CPU.Build.0 = Release|Any CPU
		{F7F72D03-16F5-43AE-9C9F-B06B691673E6}.Debug|Any CPU.ActiveCfg = Debug|Any CPU
		{F7F72D03-16F5-43AE-9C9F-B06B691673E6}.Debug|Any CPU.Build.0 = Debug|Any CPU
		{F7F72D03-16F5-43AE-9C9F-B06B691673E6}.Release|Any CPU.ActiveCfg = Release|Any CPU
		{F7F72D03-16F5-43AE-9C9F-B06B691673E6}.Release|Any CPU.Build.0 = Release|Any CPU
		{AB733F22-C122-4629-9830-A0AB93882520}.Debug|Any CPU.ActiveCfg = Debug|Any CPU
		{AB733F22-C122-4629-9830-A0AB93882520}.Debug|Any CPU.Build.0 = Debug|Any CPU
		{AB733F22-C122-4629-9830-A0AB93882520}.Release|Any CPU.ActiveCfg = Release|Any CPU
		{AB733F22-C122-4629-9830-A0AB93882520}.Release|Any CPU.Build.0 = Release|Any CPU
		{19BA2934-59D9-4B98-96C6-CABF10A685BF}.Debug|Any CPU.ActiveCfg = Debug|Any CPU
		{19BA2934-59D9-4B98-96C6-CABF10A685BF}.Debug|Any CPU.Build.0 = Debug|Any CPU
		{19BA2934-59D9-4B98-96C6-CABF10A685BF}.Release|Any CPU.ActiveCfg = Release|Any CPU
		{19BA2934-59D9-4B98-96C6-CABF10A685BF}.Release|Any CPU.Build.0 = Release|Any CPU
		{832925A0-B436-4B8D-A58D-0C171BC04258}.Debug|Any CPU.ActiveCfg = Debug|Any CPU
		{832925A0-B436-4B8D-A58D-0C171BC04258}.Debug|Any CPU.Build.0 = Debug|Any CPU
		{832925A0-B436-4B8D-A58D-0C171BC04258}.Release|Any CPU.ActiveCfg = Release|Any CPU
		{832925A0-B436-4B8D-A58D-0C171BC04258}.Release|Any CPU.Build.0 = Release|Any CPU
		{51AA5022-7FD2-4DB0-94B4-9B1A64615457}.Debug|Any CPU.ActiveCfg = Debug|Any CPU
		{51AA5022-7FD2-4DB0-94B4-9B1A64615457}.Debug|Any CPU.Build.0 = Debug|Any CPU
		{51AA5022-7FD2-4DB0-94B4-9B1A64615457}.Release|Any CPU.ActiveCfg = Release|Any CPU
		{51AA5022-7FD2-4DB0-94B4-9B1A64615457}.Release|Any CPU.Build.0 = Release|Any CPU
	EndGlobalSection
EndGlobal
